
Microsoft Visual Studio Solution File, Format Version 12.00
# Visual Studio 15
VisualStudioVersion = 15.0.27130.2036
MinimumVisualStudioVersion = 10.0.40219.1
Project("{9A19103F-16F7-4668-BE54-9A1E7A4F7556}") = "Empiria.Land.Connectors", "connectors\Empiria.Land.Connectors.csproj", "{3F336E9D-D9FA-492F-BB91-EE81BB49AEB6}"
EndProject
Project("{9A19103F-16F7-4668-BE54-9A1E7A4F7556}") = "Tlaxcala Web Services", "ws\Tlaxcala Web Services.csproj", "{D3CA8B68-8036-4DB9-A416-8EDE835771C9}"
EndProject
Project("{FAE04EC0-301F-11D3-BF4B-00C04F79EFBC}") = "Empiria.Land.Intranet.Tlaxcala", "intranet\Empiria.Land.Intranet.Tlaxcala.csproj", "{B7FE388D-5ED8-4322-A688-EF8B9AD4757B}"
EndProject
Global
	GlobalSection(SolutionConfigurationPlatforms) = preSolution
		Debug|Any CPU = Debug|Any CPU
		Multisolutions|Any CPU = Multisolutions|Any CPU
		Release|Any CPU = Release|Any CPU
	EndGlobalSection
	GlobalSection(ProjectConfigurationPlatforms) = postSolution
		{3F336E9D-D9FA-492F-BB91-EE81BB49AEB6}.Debug|Any CPU.ActiveCfg = Debug|Any CPU
		{3F336E9D-D9FA-492F-BB91-EE81BB49AEB6}.Debug|Any CPU.Build.0 = Debug|Any CPU
		{3F336E9D-D9FA-492F-BB91-EE81BB49AEB6}.Multisolutions|Any CPU.ActiveCfg = Multisolutions|Any CPU
		{3F336E9D-D9FA-492F-BB91-EE81BB49AEB6}.Multisolutions|Any CPU.Build.0 = Multisolutions|Any CPU
		{3F336E9D-D9FA-492F-BB91-EE81BB49AEB6}.Release|Any CPU.ActiveCfg = Release|Any CPU
		{3F336E9D-D9FA-492F-BB91-EE81BB49AEB6}.Release|Any CPU.Build.0 = Release|Any CPU
		{D3CA8B68-8036-4DB9-A416-8EDE835771C9}.Debug|Any CPU.ActiveCfg = Debug|Any CPU
		{D3CA8B68-8036-4DB9-A416-8EDE835771C9}.Debug|Any CPU.Build.0 = Debug|Any CPU
		{D3CA8B68-8036-4DB9-A416-8EDE835771C9}.Multisolutions|Any CPU.ActiveCfg = Multisolutions|Any CPU
		{D3CA8B68-8036-4DB9-A416-8EDE835771C9}.Multisolutions|Any CPU.Build.0 = Multisolutions|Any CPU
		{D3CA8B68-8036-4DB9-A416-8EDE835771C9}.Release|Any CPU.ActiveCfg = Release|Any CPU
		{D3CA8B68-8036-4DB9-A416-8EDE835771C9}.Release|Any CPU.Build.0 = Release|Any CPU
		{B7FE388D-5ED8-4322-A688-EF8B9AD4757B}.Debug|Any CPU.ActiveCfg = Debug|Any CPU
		{B7FE388D-5ED8-4322-A688-EF8B9AD4757B}.Debug|Any CPU.Build.0 = Debug|Any CPU
		{B7FE388D-5ED8-4322-A688-EF8B9AD4757B}.Multisolutions|Any CPU.ActiveCfg = Release|Any CPU
		{B7FE388D-5ED8-4322-A688-EF8B9AD4757B}.Multisolutions|Any CPU.Build.0 = Release|Any CPU
		{B7FE388D-5ED8-4322-A688-EF8B9AD4757B}.Release|Any CPU.ActiveCfg = Release|Any CPU
		{B7FE388D-5ED8-4322-A688-EF8B9AD4757B}.Release|Any CPU.Build.0 = Release|Any CPU
	EndGlobalSection
	GlobalSection(SolutionProperties) = preSolution
		HideSolutionNode = FALSE
	EndGlobalSection
	GlobalSection(ExtensibilityGlobals) = postSolution
		SolutionGuid = {FB2336D8-638D-4836-93D0-3146E20E9DB8}
	EndGlobalSection
EndGlobal
