
Microsoft Visual Studio Solution File, Format Version 12.00
# Visual Studio 15
VisualStudioVersion = 15.0.27130.2020
MinimumVisualStudioVersion = 10.0.40219.1
Project("{9A19103F-16F7-4668-BE54-9A1E7A4F7556}") = "Empiria.Land.Connectors", "connectors\Empiria.Land.Connectors.csproj", "{3F336E9D-D9FA-492F-BB91-EE81BB49AEB6}"
EndProject
Project("{E24C65DC-7377-472B-9ABA-BC803B73C61A}") = "intranet", "intranet\", "{C60A0AAA-2B51-4937-967D-419F5E0794CC}"
	ProjectSection(WebsiteProperties) = preProject
		UseIISExpress = "true"
		TargetFrameworkMoniker = ".NETFramework,Version%3Dv4.6"
		ProjectReferences = "{3f336e9d-d9fa-492f-bb91-ee81bb49aeb6}|Empiria.Land.Connectors.dll;"
		Debug.AspNetCompiler.VirtualPath = "/localhost_4834"
		Debug.AspNetCompiler.PhysicalPath = "intranet\"
		Debug.AspNetCompiler.TargetPath = "PrecompiledWeb\localhost_4834\"
		Debug.AspNetCompiler.Updateable = "true"
		Debug.AspNetCompiler.ForceOverwrite = "true"
		Debug.AspNetCompiler.FixedNames = "false"
		Debug.AspNetCompiler.Debug = "True"
		Release.AspNetCompiler.VirtualPath = "/localhost_4834"
		Release.AspNetCompiler.PhysicalPath = "intranet\"
		Release.AspNetCompiler.TargetPath = "PrecompiledWeb\localhost_4834\"
		Release.AspNetCompiler.Updateable = "true"
		Release.AspNetCompiler.ForceOverwrite = "true"
		Release.AspNetCompiler.FixedNames = "false"
		Release.AspNetCompiler.Debug = "False"
		VWDPort = "52557"
		SlnRelativePath = "intranet\"
	EndProjectSection
EndProject
Project("{9A19103F-16F7-4668-BE54-9A1E7A4F7556}") = "Tlaxcala Web Services", "ws\Tlaxcala Web Services.csproj", "{D3CA8B68-8036-4DB9-A416-8EDE835771C9}"
EndProject
Global
	GlobalSection(SolutionConfigurationPlatforms) = preSolution
		Debug|Any CPU = Debug|Any CPU
		Multisolutions|Any CPU = Multisolutions|Any CPU
		Release|Any CPU = Release|Any CPU
	EndGlobalSection
	GlobalSection(ProjectConfigurationPlatforms) = postSolution
		{3F336E9D-D9FA-492F-BB91-EE81BB49AEB6}.Debug|Any CPU.ActiveCfg = Debug|Any CPU
		{3F336E9D-D9FA-492F-BB91-EE81BB49AEB6}.Debug|Any CPU.Build.0 = Debug|Any CPU
		{3F336E9D-D9FA-492F-BB91-EE81BB49AEB6}.Multisolutions|Any CPU.ActiveCfg = Multisolutions|Any CPU
		{3F336E9D-D9FA-492F-BB91-EE81BB49AEB6}.Multisolutions|Any CPU.Build.0 = Multisolutions|Any CPU
		{3F336E9D-D9FA-492F-BB91-EE81BB49AEB6}.Release|Any CPU.ActiveCfg = Release|Any CPU
		{3F336E9D-D9FA-492F-BB91-EE81BB49AEB6}.Release|Any CPU.Build.0 = Release|Any CPU
		{C60A0AAA-2B51-4937-967D-419F5E0794CC}.Debug|Any CPU.ActiveCfg = Debug|Any CPU
		{C60A0AAA-2B51-4937-967D-419F5E0794CC}.Debug|Any CPU.Build.0 = Debug|Any CPU
		{C60A0AAA-2B51-4937-967D-419F5E0794CC}.Multisolutions|Any CPU.ActiveCfg = Debug|Any CPU
		{C60A0AAA-2B51-4937-967D-419F5E0794CC}.Multisolutions|Any CPU.Build.0 = Debug|Any CPU
		{C60A0AAA-2B51-4937-967D-419F5E0794CC}.Release|Any CPU.ActiveCfg = Debug|Any CPU
		{C60A0AAA-2B51-4937-967D-419F5E0794CC}.Release|Any CPU.Build.0 = Debug|Any CPU
		{D3CA8B68-8036-4DB9-A416-8EDE835771C9}.Debug|Any CPU.ActiveCfg = Debug|Any CPU
		{D3CA8B68-8036-4DB9-A416-8EDE835771C9}.Debug|Any CPU.Build.0 = Debug|Any CPU
		{D3CA8B68-8036-4DB9-A416-8EDE835771C9}.Multisolutions|Any CPU.ActiveCfg = Multisolutions|Any CPU
		{D3CA8B68-8036-4DB9-A416-8EDE835771C9}.Multisolutions|Any CPU.Build.0 = Multisolutions|Any CPU
		{D3CA8B68-8036-4DB9-A416-8EDE835771C9}.Release|Any CPU.ActiveCfg = Release|Any CPU
		{D3CA8B68-8036-4DB9-A416-8EDE835771C9}.Release|Any CPU.Build.0 = Release|Any CPU
	EndGlobalSection
	GlobalSection(SolutionProperties) = preSolution
		HideSolutionNode = FALSE
	EndGlobalSection
	GlobalSection(ExtensibilityGlobals) = postSolution
		SolutionGuid = {FB2336D8-638D-4836-93D0-3146E20E9DB8}
	EndGlobalSection
EndGlobal
